
Microsoft Visual Studio Solution File, Format Version 12.00
# Visual Studio Version 16
VisualStudioVersion = 16.0.30907.101
MinimumVisualStudioVersion = 10.0.40219.1
Project("{FAE04EC0-301F-11D3-BF4B-00C04F79EFBC}") = "ClassMetotDemo", "ClassMetotDemo\ClassMetotDemo.csproj", "{983E8EAD-A90D-4218-8FF8-2C795C08922E}"
EndProject
Global
	GlobalSection(SolutionConfigurationPlatforms) = preSolution
		Debug|Any CPU = Debug|Any CPU
		Release|Any CPU = Release|Any CPU
	EndGlobalSection
	GlobalSection(ProjectConfigurationPlatforms) = postSolution
		{983E8EAD-A90D-4218-8FF8-2C795C08922E}.Debug|Any CPU.ActiveCfg = Debug|Any CPU
		{983E8EAD-A90D-4218-8FF8-2C795C08922E}.Debug|Any CPU.Build.0 = Debug|Any CPU
		{983E8EAD-A90D-4218-8FF8-2C795C08922E}.Release|Any CPU.ActiveCfg = Release|Any CPU
		{983E8EAD-A90D-4218-8FF8-2C795C08922E}.Release|Any CPU.Build.0 = Release|Any CPU
	EndGlobalSection
	GlobalSection(SolutionProperties) = preSolution
		HideSolutionNode = FALSE
	EndGlobalSection
	GlobalSection(ExtensibilityGlobals) = postSolution
		SolutionGuid = {83BD9688-51CE-43D0-8AA6-CF9D2AF6C419}
	EndGlobalSection
EndGlobal
